// !$*UTF8*$!
{
	archiveVersion = 1;
	classes = {
	};
	objectVersion = 56;
	objects = {

/* Begin PBXBuildFile section */
		281C7A772AC6927F00E70F8C /* CircleImage.swift in Sources */ = {isa = PBXBuildFile; fileRef = 281C7A762AC6927F00E70F8C /* CircleImage.swift */; };
		281C7A792AC693E000E70F8C /* MapView.swift in Sources */ = {isa = PBXBuildFile; fileRef = 281C7A782AC693E000E70F8C /* MapView.swift */; };
		281C7A802AC6A38200E70F8C /* landmarkData.json in Resources */ = {isa = PBXBuildFile; fileRef = 281C7A7F2AC6A38200E70F8C /* landmarkData.json */; };
		281C7A822AC6A3A000E70F8C /* Landmark.swift in Sources */ = {isa = PBXBuildFile; fileRef = 281C7A812AC6A3A000E70F8C /* Landmark.swift */; };
		281C7A842AC6A64200E70F8C /* ModelData.swift in Sources */ = {isa = PBXBuildFile; fileRef = 281C7A832AC6A64200E70F8C /* ModelData.swift */; };
		282FBBB32AC912770022F1D5 /* LandmarkRow.swift in Sources */ = {isa = PBXBuildFile; fileRef = 282FBBB22AC912770022F1D5 /* LandmarkRow.swift */; };
		282FBBB52AC914CE0022F1D5 /* LandmarkList.swift in Sources */ = {isa = PBXBuildFile; fileRef = 282FBBB42AC914CE0022F1D5 /* LandmarkList.swift */; };
		28C86E2A2AC683510078B777 /* sampleappApp.swift in Sources */ = {isa = PBXBuildFile; fileRef = 28C86E292AC683510078B777 /* sampleappApp.swift */; };
		28C86E2C2AC683510078B777 /* ContentView.swift in Sources */ = {isa = PBXBuildFile; fileRef = 28C86E2B2AC683510078B777 /* ContentView.swift */; };
		28C86E2E2AC683520078B777 /* Assets.xcassets in Resources */ = {isa = PBXBuildFile; fileRef = 28C86E2D2AC683520078B777 /* Assets.xcassets */; };
		28C86E322AC683520078B777 /* Preview Assets.xcassets in Resources */ = {isa = PBXBuildFile; fileRef = 28C86E312AC683520078B777 /* Preview Assets.xcassets */; };
		28C86E3C2AC683520078B777 /* sampleappTests.swift in Sources */ = {isa = PBXBuildFile; fileRef = 28C86E3B2AC683520078B777 /* sampleappTests.swift */; };
		28C86E462AC683520078B777 /* sampleappUITests.swift in Sources */ = {isa = PBXBuildFile; fileRef = 28C86E452AC683520078B777 /* sampleappUITests.swift */; };
		28C86E482AC683520078B777 /* sampleappUITestsLaunchTests.swift in Sources */ = {isa = PBXBuildFile; fileRef = 28C86E472AC683520078B777 /* sampleappUITestsLaunchTests.swift */; };
/* End PBXBuildFile section */

/* Begin PBXContainerItemProxy section */
		28C86E382AC683520078B777 /* PBXContainerItemProxy */ = {
			isa = PBXContainerItemProxy;
			containerPortal = 28C86E1E2AC683510078B777 /* Project object */;
			proxyType = 1;
			remoteGlobalIDString = 28C86E252AC683510078B777;
			remoteInfo = sampleapp;
		};
		28C86E422AC683520078B777 /* PBXContainerItemProxy */ = {
			isa = PBXContainerItemProxy;
			containerPortal = 28C86E1E2AC683510078B777 /* Project object */;
			proxyType = 1;
			remoteGlobalIDString = 28C86E252AC683510078B777;
			remoteInfo = sampleapp;
		};
/* End PBXContainerItemProxy section */

/* Begin PBXFileReference section */
		281C7A762AC6927F00E70F8C /* CircleImage.swift */ = {isa = PBXFileReference; lastKnownFileType = sourcecode.swift; path = CircleImage.swift; sourceTree = "<group>"; };
		281C7A782AC693E000E70F8C /* MapView.swift */ = {isa = PBXFileReference; lastKnownFileType = sourcecode.swift; path = MapView.swift; sourceTree = "<group>"; };
		281C7A7A2AC69AFB00E70F8C /* README.md */ = {isa = PBXFileReference; lastKnownFileType = net.daringfireball.markdown; path = README.md; sourceTree = "<group>"; };
		281C7A7F2AC6A38200E70F8C /* landmarkData.json */ = {isa = PBXFileReference; fileEncoding = 4; lastKnownFileType = text.json; path = landmarkData.json; sourceTree = "<group>"; };
		281C7A812AC6A3A000E70F8C /* Landmark.swift */ = {isa = PBXFileReference; lastKnownFileType = sourcecode.swift; path = Landmark.swift; sourceTree = "<group>"; };
		281C7A832AC6A64200E70F8C /* ModelData.swift */ = {isa = PBXFileReference; lastKnownFileType = sourcecode.swift; path = ModelData.swift; sourceTree = "<group>"; };
		282FBBB22AC912770022F1D5 /* LandmarkRow.swift */ = {isa = PBXFileReference; lastKnownFileType = sourcecode.swift; path = LandmarkRow.swift; sourceTree = "<group>"; };
		282FBBB42AC914CE0022F1D5 /* LandmarkList.swift */ = {isa = PBXFileReference; lastKnownFileType = sourcecode.swift; path = LandmarkList.swift; sourceTree = "<group>"; };
		28C86E262AC683510078B777 /* sampleapp.app */ = {isa = PBXFileReference; explicitFileType = wrapper.application; includeInIndex = 0; path = sampleapp.app; sourceTree = BUILT_PRODUCTS_DIR; };
		28C86E292AC683510078B777 /* sampleappApp.swift */ = {isa = PBXFileReference; lastKnownFileType = sourcecode.swift; path = sampleappApp.swift; sourceTree = "<group>"; };
		28C86E2B2AC683510078B777 /* ContentView.swift */ = {isa = PBXFileReference; lastKnownFileType = sourcecode.swift; path = ContentView.swift; sourceTree = "<group>"; };
		28C86E2D2AC683520078B777 /* Assets.xcassets */ = {isa = PBXFileReference; lastKnownFileType = folder.assetcatalog; path = Assets.xcassets; sourceTree = "<group>"; };
		28C86E2F2AC683520078B777 /* sampleapp.entitlements */ = {isa = PBXFileReference; lastKnownFileType = text.plist.entitlements; path = sampleapp.entitlements; sourceTree = "<group>"; };
		28C86E312AC683520078B777 /* Preview Assets.xcassets */ = {isa = PBXFileReference; lastKnownFileType = folder.assetcatalog; path = "Preview Assets.xcassets"; sourceTree = "<group>"; };
		28C86E372AC683520078B777 /* sampleappTests.xctest */ = {isa = PBXFileReference; explicitFileType = wrapper.cfbundle; includeInIndex = 0; path = sampleappTests.xctest; sourceTree = BUILT_PRODUCTS_DIR; };
		28C86E3B2AC683520078B777 /* sampleappTests.swift */ = {isa = PBXFileReference; lastKnownFileType = sourcecode.swift; path = sampleappTests.swift; sourceTree = "<group>"; };
		28C86E412AC683520078B777 /* sampleappUITests.xctest */ = {isa = PBXFileReference; explicitFileType = wrapper.cfbundle; includeInIndex = 0; path = sampleappUITests.xctest; sourceTree = BUILT_PRODUCTS_DIR; };
		28C86E452AC683520078B777 /* sampleappUITests.swift */ = {isa = PBXFileReference; lastKnownFileType = sourcecode.swift; path = sampleappUITests.swift; sourceTree = "<group>"; };
		28C86E472AC683520078B777 /* sampleappUITestsLaunchTests.swift */ = {isa = PBXFileReference; lastKnownFileType = sourcecode.swift; path = sampleappUITestsLaunchTests.swift; sourceTree = "<group>"; };
/* End PBXFileReference section */

/* Begin PBXFrameworksBuildPhase section */
		28C86E232AC683510078B777 /* Frameworks */ = {
			isa = PBXFrameworksBuildPhase;
			buildActionMask = 2147483647;
			files = (
			);
			runOnlyForDeploymentPostprocessing = 0;
		};
		28C86E342AC683520078B777 /* Frameworks */ = {
			isa = PBXFrameworksBuildPhase;
			buildActionMask = 2147483647;
			files = (
			);
			runOnlyForDeploymentPostprocessing = 0;
		};
		28C86E3E2AC683520078B777 /* Frameworks */ = {
			isa = PBXFrameworksBuildPhase;
			buildActionMask = 2147483647;
			files = (
			);
			runOnlyForDeploymentPostprocessing = 0;
		};
/* End PBXFrameworksBuildPhase section */

/* Begin PBXGroup section */
		282FBBAB2AC907E10022F1D5 /* Views */ = {
			isa = PBXGroup;
			children = (
				281C7A762AC6927F00E70F8C /* CircleImage.swift */,
				281C7A782AC693E000E70F8C /* MapView.swift */,
				28C86E2B2AC683510078B777 /* ContentView.swift */,
				282FBBB22AC912770022F1D5 /* LandmarkRow.swift */,
				282FBBB42AC914CE0022F1D5 /* LandmarkList.swift */,
			);
			path = Views;
			sourceTree = "<group>";
		};
		282FBBAC2AC907EB0022F1D5 /* Model */ = {
			isa = PBXGroup;
			children = (
				281C7A812AC6A3A000E70F8C /* Landmark.swift */,
				281C7A832AC6A64200E70F8C /* ModelData.swift */,
			);
			path = Model;
			sourceTree = "<group>";
		};
		282FBBAD2AC907F50022F1D5 /* Resources */ = {
			isa = PBXGroup;
			children = (
				281C7A7F2AC6A38200E70F8C /* landmarkData.json */,
			);
			path = Resources;
			sourceTree = "<group>";
		};
		28C86E1D2AC683510078B777 = {
			isa = PBXGroup;
			children = (
				281C7A7A2AC69AFB00E70F8C /* README.md */,
				28C86E282AC683510078B777 /* sampleapp */,
				28C86E3A2AC683520078B777 /* sampleappTests */,
				28C86E442AC683520078B777 /* sampleappUITests */,
				28C86E272AC683510078B777 /* Products */,
			);
			sourceTree = "<group>";
		};
		28C86E272AC683510078B777 /* Products */ = {
			isa = PBXGroup;
			children = (
				28C86E262AC683510078B777 /* sampleapp.app */,
				28C86E372AC683520078B777 /* sampleappTests.xctest */,
				28C86E412AC683520078B777 /* sampleappUITests.xctest */,
			);
			name = Products;
			sourceTree = "<group>";
		};
		28C86E282AC683510078B777 /* sampleapp */ = {
			isa = PBXGroup;
			children = (
				282FBBAD2AC907F50022F1D5 /* Resources */,
				282FBBAC2AC907EB0022F1D5 /* Model */,
				282FBBAB2AC907E10022F1D5 /* Views */,
				28C86E292AC683510078B777 /* sampleappApp.swift */,
				28C86E2D2AC683520078B777 /* Assets.xcassets */,
				28C86E2F2AC683520078B777 /* sampleapp.entitlements */,
				28C86E302AC683520078B777 /* Preview Content */,
			);
			path = sampleapp;
			sourceTree = "<group>";
		};
		28C86E302AC683520078B777 /* Preview Content */ = {
			isa = PBXGroup;
			children = (
				28C86E312AC683520078B777 /* Preview Assets.xcassets */,
			);
			path = "Preview Content";
			sourceTree = "<group>";
		};
		28C86E3A2AC683520078B777 /* sampleappTests */ = {
			isa = PBXGroup;
			children = (
				28C86E3B2AC683520078B777 /* sampleappTests.swift */,
			);
			path = sampleappTests;
			sourceTree = "<group>";
		};
		28C86E442AC683520078B777 /* sampleappUITests */ = {
			isa = PBXGroup;
			children = (
				28C86E452AC683520078B777 /* sampleappUITests.swift */,
				28C86E472AC683520078B777 /* sampleappUITestsLaunchTests.swift */,
			);
			path = sampleappUITests;
			sourceTree = "<group>";
		};
/* End PBXGroup section */

/* Begin PBXNativeTarget section */
		28C86E252AC683510078B777 /* sampleapp */ = {
			isa = PBXNativeTarget;
			buildConfigurationList = 28C86E4B2AC683520078B777 /* Build configuration list for PBXNativeTarget "sampleapp" */;
			buildPhases = (
				28C86E222AC683510078B777 /* Sources */,
				28C86E232AC683510078B777 /* Frameworks */,
				28C86E242AC683510078B777 /* Resources */,
			);
			buildRules = (
			);
			dependencies = (
			);
			name = sampleapp;
			productName = sampleapp;
			productReference = 28C86E262AC683510078B777 /* sampleapp.app */;
			productType = "com.apple.product-type.application";
		};
		28C86E362AC683520078B777 /* sampleappTests */ = {
			isa = PBXNativeTarget;
			buildConfigurationList = 28C86E4E2AC683520078B777 /* Build configuration list for PBXNativeTarget "sampleappTests" */;
			buildPhases = (
				28C86E332AC683520078B777 /* Sources */,
				28C86E342AC683520078B777 /* Frameworks */,
				28C86E352AC683520078B777 /* Resources */,
			);
			buildRules = (
			);
			dependencies = (
				28C86E392AC683520078B777 /* PBXTargetDependency */,
			);
			name = sampleappTests;
			productName = sampleappTests;
			productReference = 28C86E372AC683520078B777 /* sampleappTests.xctest */;
			productType = "com.apple.product-type.bundle.unit-test";
		};
		28C86E402AC683520078B777 /* sampleappUITests */ = {
			isa = PBXNativeTarget;
			buildConfigurationList = 28C86E512AC683520078B777 /* Build configuration list for PBXNativeTarget "sampleappUITests" */;
			buildPhases = (
				28C86E3D2AC683520078B777 /* Sources */,
				28C86E3E2AC683520078B777 /* Frameworks */,
				28C86E3F2AC683520078B777 /* Resources */,
			);
			buildRules = (
			);
			dependencies = (
				28C86E432AC683520078B777 /* PBXTargetDependency */,
			);
			name = sampleappUITests;
			productName = sampleappUITests;
			productReference = 28C86E412AC683520078B777 /* sampleappUITests.xctest */;
			productType = "com.apple.product-type.bundle.ui-testing";
		};
/* End PBXNativeTarget section */

/* Begin PBXProject section */
		28C86E1E2AC683510078B777 /* Project object */ = {
			isa = PBXProject;
			attributes = {
				BuildIndependentTargetsInParallel = 1;
				LastSwiftUpdateCheck = 1400;
				LastUpgradeCheck = 1400;
				TargetAttributes = {
					28C86E252AC683510078B777 = {
						CreatedOnToolsVersion = 14.0.1;
					};
					28C86E362AC683520078B777 = {
						CreatedOnToolsVersion = 14.0.1;
						TestTargetID = 28C86E252AC683510078B777;
					};
					28C86E402AC683520078B777 = {
						CreatedOnToolsVersion = 14.0.1;
						TestTargetID = 28C86E252AC683510078B777;
					};
				};
			};
			buildConfigurationList = 28C86E212AC683510078B777 /* Build configuration list for PBXProject "sampleapp" */;
			compatibilityVersion = "Xcode 14.0";
			developmentRegion = en;
			hasScannedForEncodings = 0;
			knownRegions = (
				en,
				Base,
			);
			mainGroup = 28C86E1D2AC683510078B777;
			productRefGroup = 28C86E272AC683510078B777 /* Products */;
			projectDirPath = "";
			projectRoot = "";
			targets = (
				28C86E252AC683510078B777 /* sampleapp */,
				28C86E362AC683520078B777 /* sampleappTests */,
				28C86E402AC683520078B777 /* sampleappUITests */,
			);
		};
/* End PBXProject section */

/* Begin PBXResourcesBuildPhase section */
		28C86E242AC683510078B777 /* Resources */ = {
			isa = PBXResourcesBuildPhase;
			buildActionMask = 2147483647;
			files = (
				28C86E322AC683520078B777 /* Preview Assets.xcassets in Resources */,
				28C86E2E2AC683520078B777 /* Assets.xcassets in Resources */,
				281C7A802AC6A38200E70F8C /* landmarkData.json in Resources */,
			);
			runOnlyForDeploymentPostprocessing = 0;
		};
		28C86E352AC683520078B777 /* Resources */ = {
			isa = PBXResourcesBuildPhase;
			buildActionMask = 2147483647;
			files = (
			);
			runOnlyForDeploymentPostprocessing = 0;
		};
		28C86E3F2AC683520078B777 /* Resources */ = {
			isa = PBXResourcesBuildPhase;
			buildActionMask = 2147483647;
			files = (
			);
			runOnlyForDeploymentPostprocessing = 0;
		};
/* End PBXResourcesBuildPhase section */

/* Begin PBXSourcesBuildPhase section */
		28C86E222AC683510078B777 /* Sources */ = {
			isa = PBXSourcesBuildPhase;
			buildActionMask = 2147483647;
			files = (
				28C86E2C2AC683510078B777 /* ContentView.swift in Sources */,
				281C7A792AC693E000E70F8C /* MapView.swift in Sources */,
				28C86E2A2AC683510078B777 /* sampleappApp.swift in Sources */,
				282FBBB52AC914CE0022F1D5 /* LandmarkList.swift in Sources */,
				281C7A772AC6927F00E70F8C /* CircleImage.swift in Sources */,
				281C7A822AC6A3A000E70F8C /* Landmark.swift in Sources */,
				282FBBB32AC912770022F1D5 /* LandmarkRow.swift in Sources */,
				281C7A842AC6A64200E70F8C /* ModelData.swift in Sources */,
			);
			runOnlyForDeploymentPostprocessing = 0;
		};
		28C86E332AC683520078B777 /* Sources */ = {
			isa = PBXSourcesBuildPhase;
			buildActionMask = 2147483647;
			files = (
				28C86E3C2AC683520078B777 /* sampleappTests.swift in Sources */,
			);
			runOnlyForDeploymentPostprocessing = 0;
		};
		28C86E3D2AC683520078B777 /* Sources */ = {
			isa = PBXSourcesBuildPhase;
			buildActionMask = 2147483647;
			files = (
				28C86E482AC683520078B777 /* sampleappUITestsLaunchTests.swift in Sources */,
				28C86E462AC683520078B777 /* sampleappUITests.swift in Sources */,
			);
			runOnlyForDeploymentPostprocessing = 0;
		};
/* End PBXSourcesBuildPhase section */

/* Begin PBXTargetDependency section */
		28C86E392AC683520078B777 /* PBXTargetDependency */ = {
			isa = PBXTargetDependency;
			target = 28C86E252AC683510078B777 /* sampleapp */;
			targetProxy = 28C86E382AC683520078B777 /* PBXContainerItemProxy */;
		};
		28C86E432AC683520078B777 /* PBXTargetDependency */ = {
			isa = PBXTargetDependency;
			target = 28C86E252AC683510078B777 /* sampleapp */;
			targetProxy = 28C86E422AC683520078B777 /* PBXContainerItemProxy */;
		};
/* End PBXTargetDependency section */

/* Begin XCBuildConfiguration section */
		28C86E492AC683520078B777 /* Debug */ = {
			isa = XCBuildConfiguration;
			buildSettings = {
				ALWAYS_SEARCH_USER_PATHS = NO;
				CLANG_ANALYZER_NONNULL = YES;
				CLANG_ANALYZER_NUMBER_OBJECT_CONVERSION = YES_AGGRESSIVE;
				CLANG_CXX_LANGUAGE_STANDARD = "gnu++20";
				CLANG_ENABLE_MODULES = YES;
				CLANG_ENABLE_OBJC_ARC = YES;
				CLANG_ENABLE_OBJC_WEAK = YES;
				CLANG_WARN_BLOCK_CAPTURE_AUTORELEASING = YES;
				CLANG_WARN_BOOL_CONVERSION = YES;
				CLANG_WARN_COMMA = YES;
				CLANG_WARN_CONSTANT_CONVERSION = YES;
				CLANG_WARN_DEPRECATED_OBJC_IMPLEMENTATIONS = YES;
				CLANG_WARN_DIRECT_OBJC_ISA_USAGE = YES_ERROR;
				CLANG_WARN_DOCUMENTATION_COMMENTS = YES;
				CLANG_WARN_EMPTY_BODY = YES;
				CLANG_WARN_ENUM_CONVERSION = YES;
				CLANG_WARN_INFINITE_RECURSION = YES;
				CLANG_WARN_INT_CONVERSION = YES;
				CLANG_WARN_NON_LITERAL_NULL_CONVERSION = YES;
				CLANG_WARN_OBJC_IMPLICIT_RETAIN_SELF = YES;
				CLANG_WARN_OBJC_LITERAL_CONVERSION = YES;
				CLANG_WARN_OBJC_ROOT_CLASS = YES_ERROR;
				CLANG_WARN_QUOTED_INCLUDE_IN_FRAMEWORK_HEADER = YES;
				CLANG_WARN_RANGE_LOOP_ANALYSIS = YES;
				CLANG_WARN_STRICT_PROTOTYPES = YES;
				CLANG_WARN_SUSPICIOUS_MOVE = YES;
				CLANG_WARN_UNGUARDED_AVAILABILITY = YES_AGGRESSIVE;
				CLANG_WARN_UNREACHABLE_CODE = YES;
				CLANG_WARN__DUPLICATE_METHOD_MATCH = YES;
				COPY_PHASE_STRIP = NO;
				DEBUG_INFORMATION_FORMAT = dwarf;
				ENABLE_STRICT_OBJC_MSGSEND = YES;
				ENABLE_TESTABILITY = YES;
				GCC_C_LANGUAGE_STANDARD = gnu11;
				GCC_DYNAMIC_NO_PIC = NO;
				GCC_NO_COMMON_BLOCKS = YES;
				GCC_OPTIMIZATION_LEVEL = 0;
				GCC_PREPROCESSOR_DEFINITIONS = (
					"DEBUG=1",
					"$(inherited)",
				);
				GCC_WARN_64_TO_32_BIT_CONVERSION = YES;
				GCC_WARN_ABOUT_RETURN_TYPE = YES_ERROR;
				GCC_WARN_UNDECLARED_SELECTOR = YES;
				GCC_WARN_UNINITIALIZED_AUTOS = YES_AGGRESSIVE;
				GCC_WARN_UNUSED_FUNCTION = YES;
				GCC_WARN_UNUSED_VARIABLE = YES;
				MTL_ENABLE_DEBUG_INFO = INCLUDE_SOURCE;
				MTL_FAST_MATH = YES;
				ONLY_ACTIVE_ARCH = YES;
				SWIFT_ACTIVE_COMPILATION_CONDITIONS = DEBUG;
				SWIFT_OPTIMIZATION_LEVEL = "-Onone";
			};
			name = Debug;
		};
		28C86E4A2AC683520078B777 /* Release */ = {
			isa = XCBuildConfiguration;
			buildSettings = {
				ALWAYS_SEARCH_USER_PATHS = NO;
				CLANG_ANALYZER_NONNULL = YES;
				CLANG_ANALYZER_NUMBER_OBJECT_CONVERSION = YES_AGGRESSIVE;
				CLANG_CXX_LANGUAGE_STANDARD = "gnu++20";
				CLANG_ENABLE_MODULES = YES;
				CLANG_ENABLE_OBJC_ARC = YES;
				CLANG_ENABLE_OBJC_WEAK = YES;
				CLANG_WARN_BLOCK_CAPTURE_AUTORELEASING = YES;
				CLANG_WARN_BOOL_CONVERSION = YES;
				CLANG_WARN_COMMA = YES;
				CLANG_WARN_CONSTANT_CONVERSION = YES;
				CLANG_WARN_DEPRECATED_OBJC_IMPLEMENTATIONS = YES;
				CLANG_WARN_DIRECT_OBJC_ISA_USAGE = YES_ERROR;
				CLANG_WARN_DOCUMENTATION_COMMENTS = YES;
				CLANG_WARN_EMPTY_BODY = YES;
				CLANG_WARN_ENUM_CONVERSION = YES;
				CLANG_WARN_INFINITE_RECURSION = YES;
				CLANG_WARN_INT_CONVERSION = YES;
				CLANG_WARN_NON_LITERAL_NULL_CONVERSION = YES;
				CLANG_WARN_OBJC_IMPLICIT_RETAIN_SELF = YES;
				CLANG_WARN_OBJC_LITERAL_CONVERSION = YES;
				CLANG_WARN_OBJC_ROOT_CLASS = YES_ERROR;
				CLANG_WARN_QUOTED_INCLUDE_IN_FRAMEWORK_HEADER = YES;
				CLANG_WARN_RANGE_LOOP_ANALYSIS = YES;
				CLANG_WARN_STRICT_PROTOTYPES = YES;
				CLANG_WARN_SUSPICIOUS_MOVE = YES;
				CLANG_WARN_UNGUARDED_AVAILABILITY = YES_AGGRESSIVE;
				CLANG_WARN_UNREACHABLE_CODE = YES;
				CLANG_WARN__DUPLICATE_METHOD_MATCH = YES;
				COPY_PHASE_STRIP = NO;
				DEBUG_INFORMATION_FORMAT = "dwarf-with-dsym";
				ENABLE_NS_ASSERTIONS = NO;
				ENABLE_STRICT_OBJC_MSGSEND = YES;
				GCC_C_LANGUAGE_STANDARD = gnu11;
				GCC_NO_COMMON_BLOCKS = YES;
				GCC_WARN_64_TO_32_BIT_CONVERSION = YES;
				GCC_WARN_ABOUT_RETURN_TYPE = YES_ERROR;
				GCC_WARN_UNDECLARED_SELECTOR = YES;
				GCC_WARN_UNINITIALIZED_AUTOS = YES_AGGRESSIVE;
				GCC_WARN_UNUSED_FUNCTION = YES;
				GCC_WARN_UNUSED_VARIABLE = YES;
				MTL_ENABLE_DEBUG_INFO = NO;
				MTL_FAST_MATH = YES;
				SWIFT_COMPILATION_MODE = wholemodule;
				SWIFT_OPTIMIZATION_LEVEL = "-O";
			};
			name = Release;
		};
		28C86E4C2AC683520078B777 /* Debug */ = {
			isa = XCBuildConfiguration;
			buildSettings = {
				ASSETCATALOG_COMPILER_APPICON_NAME = AppIcon;
				ASSETCATALOG_COMPILER_GLOBAL_ACCENT_COLOR_NAME = AccentColor;
				CODE_SIGN_ENTITLEMENTS = sampleapp/sampleapp.entitlements;
				CODE_SIGN_STYLE = Automatic;
				CURRENT_PROJECT_VERSION = 1;
				DEVELOPMENT_ASSET_PATHS = "\"sampleapp/Preview Content\"";
				DEVELOPMENT_TEAM = Q5GY55X8NG;
				ENABLE_HARDENED_RUNTIME = YES;
				ENABLE_PREVIEWS = YES;
				GENERATE_INFOPLIST_FILE = YES;
				"INFOPLIST_KEY_UIApplicationSceneManifest_Generation[sdk=iphoneos*]" = YES;
				"INFOPLIST_KEY_UIApplicationSceneManifest_Generation[sdk=iphonesimulator*]" = YES;
				"INFOPLIST_KEY_UIApplicationSupportsIndirectInputEvents[sdk=iphoneos*]" = YES;
				"INFOPLIST_KEY_UIApplicationSupportsIndirectInputEvents[sdk=iphonesimulator*]" = YES;
				"INFOPLIST_KEY_UILaunchScreen_Generation[sdk=iphoneos*]" = YES;
				"INFOPLIST_KEY_UILaunchScreen_Generation[sdk=iphonesimulator*]" = YES;
				"INFOPLIST_KEY_UIStatusBarStyle[sdk=iphoneos*]" = UIStatusBarStyleDefault;
				"INFOPLIST_KEY_UIStatusBarStyle[sdk=iphonesimulator*]" = UIStatusBarStyleDefault;
				INFOPLIST_KEY_UISupportedInterfaceOrientations_iPad = "UIInterfaceOrientationPortrait UIInterfaceOrientationPortraitUpsideDown UIInterfaceOrientationLandscapeLeft UIInterfaceOrientationLandscapeRight";
				INFOPLIST_KEY_UISupportedInterfaceOrientations_iPhone = "UIInterfaceOrientationPortrait UIInterfaceOrientationLandscapeLeft UIInterfaceOrientationLandscapeRight";
				IPHONEOS_DEPLOYMENT_TARGET = 16.0;
				LD_RUNPATH_SEARCH_PATHS = "@executable_path/Frameworks";
				"LD_RUNPATH_SEARCH_PATHS[sdk=macosx*]" = "@executable_path/../Frameworks";
				MACOSX_DEPLOYMENT_TARGET = 12.3;
				MARKETING_VERSION = 1.0;
				PRODUCT_BUNDLE_IDENTIFIER = com.daegeon.sampleapp;
				PRODUCT_NAME = "$(TARGET_NAME)";
				SDKROOT = auto;
				SUPPORTED_PLATFORMS = "iphoneos iphonesimulator macosx";
				SWIFT_EMIT_LOC_STRINGS = YES;
				SWIFT_VERSION = 5.0;
				TARGETED_DEVICE_FAMILY = "1,2";
			};
			name = Debug;
		};
		28C86E4D2AC683520078B777 /* Release */ = {
			isa = XCBuildConfiguration;
			buildSettings = {
				ASSETCATALOG_COMPILER_APPICON_NAME = AppIcon;
				ASSETCATALOG_COMPILER_GLOBAL_ACCENT_COLOR_NAME = AccentColor;
				CODE_SIGN_ENTITLEMENTS = sampleapp/sampleapp.entitlements;
				CODE_SIGN_STYLE = Automatic;
				CURRENT_PROJECT_VERSION = 1;
				DEVELOPMENT_ASSET_PATHS = "\"sampleapp/Preview Content\"";
				DEVELOPMENT_TEAM = Q5GY55X8NG;
				ENABLE_HARDENED_RUNTIME = YES;
				ENABLE_PREVIEWS = YES;
				GENERATE_INFOPLIST_FILE = YES;
				"INFOPLIST_KEY_UIApplicationSceneManifest_Generation[sdk=iphoneos*]" = YES;
				"INFOPLIST_KEY_UIApplicationSceneManifest_Generation[sdk=iphonesimulator*]" = YES;
				"INFOPLIST_KEY_UIApplicationSupportsIndirectInputEvents[sdk=iphoneos*]" = YES;
				"INFOPLIST_KEY_UIApplicationSupportsIndirectInputEvents[sdk=iphonesimulator*]" = YES;
				"INFOPLIST_KEY_UILaunchScreen_Generation[sdk=iphoneos*]" = YES;
				"INFOPLIST_KEY_UILaunchScreen_Generation[sdk=iphonesimulator*]" = YES;
				"INFOPLIST_KEY_UIStatusBarStyle[sdk=iphoneos*]" = UIStatusBarStyleDefault;
				"INFOPLIST_KEY_UIStatusBarStyle[sdk=iphonesimulator*]" = UIStatusBarStyleDefault;
				INFOPLIST_KEY_UISupportedInterfaceOrientations_iPad = "UIInterfaceOrientationPortrait UIInterfaceOrientationPortraitUpsideDown UIInterfaceOrientationLandscapeLeft UIInterfaceOrientationLandscapeRight";
				INFOPLIST_KEY_UISupportedInterfaceOrientations_iPhone = "UIInterfaceOrientationPortrait UIInterfaceOrientationLandscapeLeft UIInterfaceOrientationLandscapeRight";
				IPHONEOS_DEPLOYMENT_TARGET = 16.0;
				LD_RUNPATH_SEARCH_PATHS = "@executable_path/Frameworks";
				"LD_RUNPATH_SEARCH_PATHS[sdk=macosx*]" = "@executable_path/../Frameworks";
				MACOSX_DEPLOYMENT_TARGET = 12.3;
				MARKETING_VERSION = 1.0;
				PRODUCT_BUNDLE_IDENTIFIER = com.daegeon.sampleapp;
				PRODUCT_NAME = "$(TARGET_NAME)";
				SDKROOT = auto;
				SUPPORTED_PLATFORMS = "iphoneos iphonesimulator macosx";
				SWIFT_EMIT_LOC_STRINGS = YES;
				SWIFT_VERSION = 5.0;
				TARGETED_DEVICE_FAMILY = "1,2";
			};
			name = Release;
		};
		28C86E4F2AC683520078B777 /* Debug */ = {
			isa = XCBuildConfiguration;
			buildSettings = {
				ALWAYS_EMBED_SWIFT_STANDARD_LIBRARIES = YES;
				BUNDLE_LOADER = "$(TEST_HOST)";
				CODE_SIGN_STYLE = Automatic;
				CURRENT_PROJECT_VERSION = 1;
				DEVELOPMENT_TEAM = Q5GY55X8NG;
				GENERATE_INFOPLIST_FILE = YES;
				IPHONEOS_DEPLOYMENT_TARGET = 16.0;
				MACOSX_DEPLOYMENT_TARGET = 12.3;
				MARKETING_VERSION = 1.0;
				PRODUCT_BUNDLE_IDENTIFIER = com.daegeon.sampleappTests;
				PRODUCT_NAME = "$(TARGET_NAME)";
				SDKROOT = auto;
				SUPPORTED_PLATFORMS = "iphoneos iphonesimulator macosx";
				SWIFT_EMIT_LOC_STRINGS = NO;
				SWIFT_VERSION = 5.0;
				TARGETED_DEVICE_FAMILY = "1,2";
				TEST_HOST = "$(BUILT_PRODUCTS_DIR)/sampleapp.app/$(BUNDLE_EXECUTABLE_FOLDER_PATH)/sampleapp";
			};
			name = Debug;
		};
		28C86E502AC683520078B777 /* Release */ = {
			isa = XCBuildConfiguration;
			buildSettings = {
				ALWAYS_EMBED_SWIFT_STANDARD_LIBRARIES = YES;
				BUNDLE_LOADER = "$(TEST_HOST)";
				CODE_SIGN_STYLE = Automatic;
				CURRENT_PROJECT_VERSION = 1;
				DEVELOPMENT_TEAM = Q5GY55X8NG;
				GENERATE_INFOPLIST_FILE = YES;
				IPHONEOS_DEPLOYMENT_TARGET = 16.0;
				MACOSX_DEPLOYMENT_TARGET = 12.3;
				MARKETING_VERSION = 1.0;
				PRODUCT_BUNDLE_IDENTIFIER = com.daegeon.sampleappTests;
				PRODUCT_NAME = "$(TARGET_NAME)";
				SDKROOT = auto;
				SUPPORTED_PLATFORMS = "iphoneos iphonesimulator macosx";
				SWIFT_EMIT_LOC_STRINGS = NO;
				SWIFT_VERSION = 5.0;
				TARGETED_DEVICE_FAMILY = "1,2";
				TEST_HOST = "$(BUILT_PRODUCTS_DIR)/sampleapp.app/$(BUNDLE_EXECUTABLE_FOLDER_PATH)/sampleapp";
			};
			name = Release;
		};
		28C86E522AC683520078B777 /* Debug */ = {
			isa = XCBuildConfiguration;
			buildSettings = {
				ALWAYS_EMBED_SWIFT_STANDARD_LIBRARIES = YES;
				CODE_SIGN_STYLE = Automatic;
				CURRENT_PROJECT_VERSION = 1;
				DEVELOPMENT_TEAM = Q5GY55X8NG;
				GENERATE_INFOPLIST_FILE = YES;
				IPHONEOS_DEPLOYMENT_TARGET = 16.0;
				MACOSX_DEPLOYMENT_TARGET = 12.3;
				MARKETING_VERSION = 1.0;
				PRODUCT_BUNDLE_IDENTIFIER = com.daegeon.sampleappUITests;
				PRODUCT_NAME = "$(TARGET_NAME)";
				SDKROOT = auto;
				SUPPORTED_PLATFORMS = "iphoneos iphonesimulator macosx";
				SWIFT_EMIT_LOC_STRINGS = NO;
				SWIFT_VERSION = 5.0;
				TARGETED_DEVICE_FAMILY = "1,2";
				TEST_TARGET_NAME = sampleapp;
			};
			name = Debug;
		};
		28C86E532AC683520078B777 /* Release */ = {
			isa = XCBuildConfiguration;
			buildSettings = {
				ALWAYS_EMBED_SWIFT_STANDARD_LIBRARIES = YES;
				CODE_SIGN_STYLE = Automatic;
				CURRENT_PROJECT_VERSION = 1;
				DEVELOPMENT_TEAM = Q5GY55X8NG;
				GENERATE_INFOPLIST_FILE = YES;
				IPHONEOS_DEPLOYMENT_TARGET = 16.0;
				MACOSX_DEPLOYMENT_TARGET = 12.3;
				MARKETING_VERSION = 1.0;
				PRODUCT_BUNDLE_IDENTIFIER = com.daegeon.sampleappUITests;
				PRODUCT_NAME = "$(TARGET_NAME)";
				SDKROOT = auto;
				SUPPORTED_PLATFORMS = "iphoneos iphonesimulator macosx";
				SWIFT_EMIT_LOC_STRINGS = NO;
				SWIFT_VERSION = 5.0;
				TARGETED_DEVICE_FAMILY = "1,2";
				TEST_TARGET_NAME = sampleapp;
			};
			name = Release;
		};
/* End XCBuildConfiguration section */

/* Begin XCConfigurationList section */
		28C86E212AC683510078B777 /* Build configuration list for PBXProject "sampleapp" */ = {
			isa = XCConfigurationList;
			buildConfigurations = (
				28C86E492AC683520078B777 /* Debug */,
				28C86E4A2AC683520078B777 /* Release */,
			);
			defaultConfigurationIsVisible = 0;
			defaultConfigurationName = Release;
		};
		28C86E4B2AC683520078B777 /* Build configuration list for PBXNativeTarget "sampleapp" */ = {
			isa = XCConfigurationList;
			buildConfigurations = (
				28C86E4C2AC683520078B777 /* Debug */,
				28C86E4D2AC683520078B777 /* Release */,
			);
			defaultConfigurationIsVisible = 0;
			defaultConfigurationName = Release;
		};
		28C86E4E2AC683520078B777 /* Build configuration list for PBXNativeTarget "sampleappTests" */ = {
			isa = XCConfigurationList;
			buildConfigurations = (
				28C86E4F2AC683520078B777 /* Debug */,
				28C86E502AC683520078B777 /* Release */,
			);
			defaultConfigurationIsVisible = 0;
			defaultConfigurationName = Release;
		};
		28C86E512AC683520078B777 /* Build configuration list for PBXNativeTarget "sampleappUITests" */ = {
			isa = XCConfigurationList;
			buildConfigurations = (
				28C86E522AC683520078B777 /* Debug */,
				28C86E532AC683520078B777 /* Release */,
			);
			defaultConfigurationIsVisible = 0;
			defaultConfigurationName = Release;
		};
/* End XCConfigurationList section */
	};
	rootObject = 28C86E1E2AC683510078B777 /* Project object */;
}
